
Microsoft Visual Studio Solution File, Format Version 12.00
# Visual Studio Version 16
VisualStudioVersion = 16.0.34301.259
MinimumVisualStudioVersion = 10.0.40219.1
Project("{FAE04EC0-301F-11D3-BF4B-00C04F79EFBC}") = "BD 6 semester", "BD 6 semester\BD 6 semester.csproj", "{B18EFEEC-1F11-4FE7-9AD9-4902E841F808}"
EndProject
Global
	GlobalSection(SolutionConfigurationPlatforms) = preSolution
		Debug|Any CPU = Debug|Any CPU
		Release|Any CPU = Release|Any CPU
	EndGlobalSection
	GlobalSection(ProjectConfigurationPlatforms) = postSolution
		{B18EFEEC-1F11-4FE7-9AD9-4902E841F808}.Debug|Any CPU.ActiveCfg = Debug|Any CPU
		{B18EFEEC-1F11-4FE7-9AD9-4902E841F808}.Debug|Any CPU.Build.0 = Debug|Any CPU
		{B18EFEEC-1F11-4FE7-9AD9-4902E841F808}.Release|Any CPU.ActiveCfg = Release|Any CPU
		{B18EFEEC-1F11-4FE7-9AD9-4902E841F808}.Release|Any CPU.Build.0 = Release|Any CPU
	EndGlobalSection
	GlobalSection(SolutionProperties) = preSolution
		HideSolutionNode = FALSE
	EndGlobalSection
	GlobalSection(ExtensibilityGlobals) = postSolution
		SolutionGuid = {AC12FCC6-387E-4DAB-AB0A-BE6F831475D8}
	EndGlobalSection
EndGlobal
